
Microsoft Visual Studio Solution File, Format Version 12.00
# Visual Studio Version 17
VisualStudioVersion = 17.2.32630.192
MinimumVisualStudioVersion = 10.0.40219.1
Project("{FAE04EC0-301F-11D3-BF4B-00C04F79EFBC}") = "CS-HW3", "CS-HW3\CS-HW3.csproj", "{51BCD86B-D0FE-48F2-AAF7-1C64693F0604}"
EndProject
Project("{FAE04EC0-301F-11D3-BF4B-00C04F79EFBC}") = "Printer", "Printer\Printer.csproj", "{314A39DF-5EA8-4ED1-839F-28571B9ADC80}"
EndProject
Global
	GlobalSection(SolutionConfigurationPlatforms) = preSolution
		Debug|Any CPU = Debug|Any CPU
		Release|Any CPU = Release|Any CPU
	EndGlobalSection
	GlobalSection(ProjectConfigurationPlatforms) = postSolution
		{51BCD86B-D0FE-48F2-AAF7-1C64693F0604}.Debug|Any CPU.ActiveCfg = Debug|Any CPU
		{51BCD86B-D0FE-48F2-AAF7-1C64693F0604}.Debug|Any CPU.Build.0 = Debug|Any CPU
		{51BCD86B-D0FE-48F2-AAF7-1C64693F0604}.Release|Any CPU.ActiveCfg = Release|Any CPU
		{51BCD86B-D0FE-48F2-AAF7-1C64693F0604}.Release|Any CPU.Build.0 = Release|Any CPU
		{314A39DF-5EA8-4ED1-839F-28571B9ADC80}.Debug|Any CPU.ActiveCfg = Debug|Any CPU
		{314A39DF-5EA8-4ED1-839F-28571B9ADC80}.Debug|Any CPU.Build.0 = Debug|Any CPU
		{314A39DF-5EA8-4ED1-839F-28571B9ADC80}.Release|Any CPU.ActiveCfg = Release|Any CPU
		{314A39DF-5EA8-4ED1-839F-28571B9ADC80}.Release|Any CPU.Build.0 = Release|Any CPU
	EndGlobalSection
	GlobalSection(SolutionProperties) = preSolution
		HideSolutionNode = FALSE
	EndGlobalSection
	GlobalSection(ExtensibilityGlobals) = postSolution
		SolutionGuid = {193555C0-8973-47B1-9710-7E18194A5199}
	EndGlobalSection
EndGlobal
